// !$*UTF8*$!
{
	archiveVersion = 1;
	classes = {
	};
	objectVersion = 46;
	objects = {

/* Begin PBXBuildFile section */
		2FF3AE4EB3AC4499901512DC /* libPods-FluxDeckTests.a in Frameworks */ = {isa = PBXBuildFile; fileRef = 31C251B66DE644BFB1B7FBFB /* libPods-FluxDeckTests.a */; };
		B51704A21801B89B0038F4B5 /* FDImageCellView.m in Sources */ = {isa = PBXBuildFile; fileRef = B51704A11801B89B0038F4B5 /* FDImageCellView.m */; };
		B51919E6180422EF00F45E8C /* application.icns in Resources */ = {isa = PBXBuildFile; fileRef = B51919E5180422EF00F45E8C /* application.icns */; };
		B537DDAA17B6516300052DD3 /* Cocoa.framework in Frameworks */ = {isa = PBXBuildFile; fileRef = B537DDA917B6516300052DD3 /* Cocoa.framework */; };
		B537DDB417B6516300052DD3 /* InfoPlist.strings in Resources */ = {isa = PBXBuildFile; fileRef = B537DDB217B6516300052DD3 /* InfoPlist.strings */; };
		B537DDB617B6516300052DD3 /* main.m in Sources */ = {isa = PBXBuildFile; fileRef = B537DDB517B6516300052DD3 /* main.m */; };
		B537DDBA17B6516300052DD3 /* Credits.rtf in Resources */ = {isa = PBXBuildFile; fileRef = B537DDB817B6516300052DD3 /* Credits.rtf */; };
		B537DDBD17B6516300052DD3 /* FDAppDelegate.m in Sources */ = {isa = PBXBuildFile; fileRef = B537DDBC17B6516300052DD3 /* FDAppDelegate.m */; };
		B537DDC017B6516400052DD3 /* MainMenu.xib in Resources */ = {isa = PBXBuildFile; fileRef = B537DDBE17B6516400052DD3 /* MainMenu.xib */; };
		B537DDE017B6526A00052DD3 /* FDUser.m in Sources */ = {isa = PBXBuildFile; fileRef = B537DDDF17B6526A00052DD3 /* FDUser.m */; };
		B537DDE317B6528A00052DD3 /* FDRequest.m in Sources */ = {isa = PBXBuildFile; fileRef = B537DDE217B6528900052DD3 /* FDRequest.m */; };
		B537DDE917B66D7E00052DD3 /* FDFlow.m in Sources */ = {isa = PBXBuildFile; fileRef = B537DDE817B66D7E00052DD3 /* FDFlow.m */; };
		B537DDEF17B677B700052DD3 /* FluxDeckViewController.m in Sources */ = {isa = PBXBuildFile; fileRef = B537DDED17B677B700052DD3 /* FluxDeckViewController.m */; };
		B537DDF017B677B700052DD3 /* FluxDeckViewController.xib in Resources */ = {isa = PBXBuildFile; fileRef = B537DDEE17B677B700052DD3 /* FluxDeckViewController.xib */; };
		B537DDF417B6837500052DD3 /* FDFlowViewController.m in Sources */ = {isa = PBXBuildFile; fileRef = B537DDF217B6837500052DD3 /* FDFlowViewController.m */; };
		B537DDF517B6837500052DD3 /* FDFlowViewController.xib in Resources */ = {isa = PBXBuildFile; fileRef = B537DDF317B6837500052DD3 /* FDFlowViewController.xib */; };
		B537DDF817B68ED900052DD3 /* FDMessage.m in Sources */ = {isa = PBXBuildFile; fileRef = B537DDF717B68ED900052DD3 /* FDMessage.m */; };
		B537DDFB17B6BA7600052DD3 /* FDImageCache.m in Sources */ = {isa = PBXBuildFile; fileRef = B537DDFA17B6BA7600052DD3 /* FDImageCache.m */; };
		B54D96CB17FF57AD00183215 /* InfoPlist.strings in Resources */ = {isa = PBXBuildFile; fileRef = B54D96C617FF57AD00183215 /* InfoPlist.strings */; };
		B54D96CD17FF57AD00183215 /* FluxDeckTests-Info.plist in Resources */ = {isa = PBXBuildFile; fileRef = B54D96C917FF57AD00183215 /* FluxDeckTests-Info.plist */; };
		B54D96CF17FF582A00183215 /* FluxDeck_Tests.m in Sources */ = {isa = PBXBuildFile; fileRef = B54D96C817FF57AD00183215 /* FluxDeck_Tests.m */; };
		B55702E817FCE77600A0DB2B /* FDChatTableCellView.m in Sources */ = {isa = PBXBuildFile; fileRef = B55702E717FCE77600A0DB2B /* FDChatTableCellView.m */; };
		B56EA72A17F734EB00A0FE80 /* FluxDeck.m in Sources */ = {isa = PBXBuildFile; fileRef = B56EA72917F734EB00A0FE80 /* FluxDeck.m */; };
		B56EA72F17F745C300A0FE80 /* Podfile in Resources */ = {isa = PBXBuildFile; fileRef = B56EA72E17F745C300A0FE80 /* Podfile */; };
		B56EA73417F7CD0E00A0FE80 /* FDFlowButton.xib in Resources */ = {isa = PBXBuildFile; fileRef = B56EA73317F7CD0E00A0FE80 /* FDFlowButton.xib */; };
		B56EA73717F7D0DD00A0FE80 /* FDFlowButton.m in Sources */ = {isa = PBXBuildFile; fileRef = B56EA73617F7D0DD00A0FE80 /* FDFlowButton.m */; };
		B5755DD417FE5D5D00198439 /* FDUserTableCellView.xib in Resources */ = {isa = PBXBuildFile; fileRef = B5755DD317FE5D5D00198439 /* FDUserTableCellView.xib */; };
		B58292DC17FF56CD00BCA335 /* XCTest.framework in Frameworks */ = {isa = PBXBuildFile; fileRef = B58292D517FF55D600BCA335 /* XCTest.framework */; };
		B59AA59017BFCFA10021CB87 /* FDTextView.m in Sources */ = {isa = PBXBuildFile; fileRef = B59AA58F17BFCFA10021CB87 /* FDTextView.m */; };
		B5AD8CD917F87947008FB926 /* FDTitleView.m in Sources */ = {isa = PBXBuildFile; fileRef = B5AD8CD817F87947008FB926 /* FDTitleView.m */; };
		B5AD8CDE17F89039008FB926 /* FDUserTableCellView.m in Sources */ = {isa = PBXBuildFile; fileRef = B5AD8CDD17F89039008FB926 /* FDUserTableCellView.m */; };
		C5687533860C4E81BD237FA3 /* libPods.a in Frameworks */ = {isa = PBXBuildFile; fileRef = 7E1BF4B90F0C4257B92F5C34 /* libPods.a */; };
/* End PBXBuildFile section */

/* Begin PBXContainerItemProxy section */
		B58292E617FF56CD00BCA335 /* PBXContainerItemProxy */ = {
			isa = PBXContainerItemProxy;
			containerPortal = B537DD9E17B6516300052DD3 /* Project object */;
			proxyType = 1;
			remoteGlobalIDString = B537DDA517B6516300052DD3;
			remoteInfo = FluxDeck;
		};
/* End PBXContainerItemProxy section */

/* Begin PBXFileReference section */
		31C251B66DE644BFB1B7FBFB /* libPods-FluxDeckTests.a */ = {isa = PBXFileReference; explicitFileType = archive.ar; includeInIndex = 0; path = "libPods-FluxDeckTests.a"; sourceTree = BUILT_PRODUCTS_DIR; };
		7E1BF4B90F0C4257B92F5C34 /* libPods.a */ = {isa = PBXFileReference; explicitFileType = archive.ar; includeInIndex = 0; path = libPods.a; sourceTree = BUILT_PRODUCTS_DIR; };
		80DD64DE3DF84D4F86084536 /* Pods.xcconfig */ = {isa = PBXFileReference; includeInIndex = 1; lastKnownFileType = text.xcconfig; name = Pods.xcconfig; path = Pods/Pods.xcconfig; sourceTree = "<group>"; };
		A7B2B7E29FE345BBA8F081D1 /* Pods-FluxDeckTests.xcconfig */ = {isa = PBXFileReference; includeInIndex = 1; lastKnownFileType = text.xcconfig; name = "Pods-FluxDeckTests.xcconfig"; path = "Pods/Pods-FluxDeckTests.xcconfig"; sourceTree = "<group>"; };
		B51704A01801B89B0038F4B5 /* FDImageCellView.h */ = {isa = PBXFileReference; fileEncoding = 4; lastKnownFileType = sourcecode.c.h; path = FDImageCellView.h; sourceTree = "<group>"; };
		B51704A11801B89B0038F4B5 /* FDImageCellView.m */ = {isa = PBXFileReference; fileEncoding = 4; lastKnownFileType = sourcecode.c.objc; path = FDImageCellView.m; sourceTree = "<group>"; };
		B51919E5180422EF00F45E8C /* application.icns */ = {isa = PBXFileReference; lastKnownFileType = image.icns; path = application.icns; sourceTree = "<group>"; };
		B537DDA617B6516300052DD3 /* FluxDeck.app */ = {isa = PBXFileReference; explicitFileType = wrapper.application; includeInIndex = 0; path = FluxDeck.app; sourceTree = BUILT_PRODUCTS_DIR; };
		B537DDA917B6516300052DD3 /* Cocoa.framework */ = {isa = PBXFileReference; lastKnownFileType = wrapper.framework; name = Cocoa.framework; path = System/Library/Frameworks/Cocoa.framework; sourceTree = SDKROOT; };
		B537DDAC17B6516300052DD3 /* AppKit.framework */ = {isa = PBXFileReference; lastKnownFileType = wrapper.framework; name = AppKit.framework; path = System/Library/Frameworks/AppKit.framework; sourceTree = SDKROOT; };
		B537DDAD17B6516300052DD3 /* CoreData.framework */ = {isa = PBXFileReference; lastKnownFileType = wrapper.framework; name = CoreData.framework; path = System/Library/Frameworks/CoreData.framework; sourceTree = SDKROOT; };
		B537DDAE17B6516300052DD3 /* Foundation.framework */ = {isa = PBXFileReference; lastKnownFileType = wrapper.framework; name = Foundation.framework; path = System/Library/Frameworks/Foundation.framework; sourceTree = SDKROOT; };
		B537DDB117B6516300052DD3 /* FluxDeck-Info.plist */ = {isa = PBXFileReference; lastKnownFileType = text.plist.xml; path = "FluxDeck-Info.plist"; sourceTree = "<group>"; };
		B537DDB317B6516300052DD3 /* en */ = {isa = PBXFileReference; lastKnownFileType = text.plist.strings; name = en; path = en.lproj/InfoPlist.strings; sourceTree = "<group>"; };
		B537DDB517B6516300052DD3 /* main.m */ = {isa = PBXFileReference; lastKnownFileType = sourcecode.c.objc; path = main.m; sourceTree = "<group>"; };
		B537DDB717B6516300052DD3 /* FluxDeck-Prefix.pch */ = {isa = PBXFileReference; lastKnownFileType = sourcecode.c.h; path = "FluxDeck-Prefix.pch"; sourceTree = "<group>"; };
		B537DDB917B6516300052DD3 /* en */ = {isa = PBXFileReference; lastKnownFileType = text.rtf; name = en; path = en.lproj/Credits.rtf; sourceTree = "<group>"; };
		B537DDBB17B6516300052DD3 /* FDAppDelegate.h */ = {isa = PBXFileReference; lastKnownFileType = sourcecode.c.h; path = FDAppDelegate.h; sourceTree = "<group>"; };
		B537DDBC17B6516300052DD3 /* FDAppDelegate.m */ = {isa = PBXFileReference; lastKnownFileType = sourcecode.c.objc; path = FDAppDelegate.m; sourceTree = "<group>"; };
		B537DDBF17B6516400052DD3 /* en */ = {isa = PBXFileReference; lastKnownFileType = file.xib; name = en; path = en.lproj/MainMenu.xib; sourceTree = "<group>"; };
		B537DDC717B6516400052DD3 /* SenTestingKit.framework */ = {isa = PBXFileReference; lastKnownFileType = wrapper.framework; name = SenTestingKit.framework; path = Library/Frameworks/SenTestingKit.framework; sourceTree = DEVELOPER_DIR; };
		B537DDDD17B6519D00052DD3 /* FluxDeck.entitlements */ = {isa = PBXFileReference; lastKnownFileType = text.xml; path = FluxDeck.entitlements; sourceTree = "<group>"; };
		B537DDDE17B6526A00052DD3 /* FDUser.h */ = {isa = PBXFileReference; fileEncoding = 4; lastKnownFileType = sourcecode.c.h; path = FDUser.h; sourceTree = "<group>"; };
		B537DDDF17B6526A00052DD3 /* FDUser.m */ = {isa = PBXFileReference; fileEncoding = 4; lastKnownFileType = sourcecode.c.objc; path = FDUser.m; sourceTree = "<group>"; };
		B537DDE117B6528900052DD3 /* FDRequest.h */ = {isa = PBXFileReference; fileEncoding = 4; lastKnownFileType = sourcecode.c.h; path = FDRequest.h; sourceTree = "<group>"; };
		B537DDE217B6528900052DD3 /* FDRequest.m */ = {isa = PBXFileReference; fileEncoding = 4; lastKnownFileType = sourcecode.c.objc; path = FDRequest.m; sourceTree = "<group>"; };
		B537DDE717B66D7E00052DD3 /* FDFlow.h */ = {isa = PBXFileReference; fileEncoding = 4; lastKnownFileType = sourcecode.c.h; path = FDFlow.h; sourceTree = "<group>"; };
		B537DDE817B66D7E00052DD3 /* FDFlow.m */ = {isa = PBXFileReference; fileEncoding = 4; lastKnownFileType = sourcecode.c.objc; path = FDFlow.m; sourceTree = "<group>"; };
		B537DDEC17B677B700052DD3 /* FluxDeckViewController.h */ = {isa = PBXFileReference; fileEncoding = 4; lastKnownFileType = sourcecode.c.h; path = FluxDeckViewController.h; sourceTree = "<group>"; };
		B537DDED17B677B700052DD3 /* FluxDeckViewController.m */ = {isa = PBXFileReference; fileEncoding = 4; lastKnownFileType = sourcecode.c.objc; path = FluxDeckViewController.m; sourceTree = "<group>"; };
		B537DDEE17B677B700052DD3 /* FluxDeckViewController.xib */ = {isa = PBXFileReference; fileEncoding = 4; lastKnownFileType = file.xib; path = FluxDeckViewController.xib; sourceTree = "<group>"; };
		B537DDF117B6837500052DD3 /* FDFlowViewController.h */ = {isa = PBXFileReference; fileEncoding = 4; lastKnownFileType = sourcecode.c.h; path = FDFlowViewController.h; sourceTree = "<group>"; };
		B537DDF217B6837500052DD3 /* FDFlowViewController.m */ = {isa = PBXFileReference; fileEncoding = 4; lastKnownFileType = sourcecode.c.objc; path = FDFlowViewController.m; sourceTree = "<group>"; };
		B537DDF317B6837500052DD3 /* FDFlowViewController.xib */ = {isa = PBXFileReference; fileEncoding = 4; lastKnownFileType = file.xib; path = FDFlowViewController.xib; sourceTree = "<group>"; };
		B537DDF617B68ED900052DD3 /* FDMessage.h */ = {isa = PBXFileReference; fileEncoding = 4; lastKnownFileType = sourcecode.c.h; path = FDMessage.h; sourceTree = "<group>"; };
		B537DDF717B68ED900052DD3 /* FDMessage.m */ = {isa = PBXFileReference; fileEncoding = 4; lastKnownFileType = sourcecode.c.objc; path = FDMessage.m; sourceTree = "<group>"; };
		B537DDF917B6BA7600052DD3 /* FDImageCache.h */ = {isa = PBXFileReference; fileEncoding = 4; lastKnownFileType = sourcecode.c.h; path = FDImageCache.h; sourceTree = "<group>"; };
		B537DDFA17B6BA7600052DD3 /* FDImageCache.m */ = {isa = PBXFileReference; fileEncoding = 4; lastKnownFileType = sourcecode.c.objc; path = FDImageCache.m; sourceTree = "<group>"; };
		B54D96C717FF57AD00183215 /* en */ = {isa = PBXFileReference; lastKnownFileType = text.plist.strings; name = en; path = en.lproj/InfoPlist.strings; sourceTree = "<group>"; };
		B54D96C817FF57AD00183215 /* FluxDeck_Tests.m */ = {isa = PBXFileReference; fileEncoding = 4; lastKnownFileType = sourcecode.c.objc; path = FluxDeck_Tests.m; sourceTree = "<group>"; };
		B54D96C917FF57AD00183215 /* FluxDeckTests-Info.plist */ = {isa = PBXFileReference; fileEncoding = 4; lastKnownFileType = text.plist.xml; path = "FluxDeckTests-Info.plist"; sourceTree = "<group>"; };
		B54D96CA17FF57AD00183215 /* FluxDeckTests-Prefix.pch */ = {isa = PBXFileReference; fileEncoding = 4; lastKnownFileType = sourcecode.c.h; path = "FluxDeckTests-Prefix.pch"; sourceTree = "<group>"; };
		B55702E617FCE77600A0DB2B /* FDChatTableCellView.h */ = {isa = PBXFileReference; fileEncoding = 4; lastKnownFileType = sourcecode.c.h; path = FDChatTableCellView.h; sourceTree = "<group>"; };
		B55702E717FCE77600A0DB2B /* FDChatTableCellView.m */ = {isa = PBXFileReference; fileEncoding = 4; lastKnownFileType = sourcecode.c.objc; path = FDChatTableCellView.m; sourceTree = "<group>"; };
		B56EA72817F734EB00A0FE80 /* FluxDeck.h */ = {isa = PBXFileReference; fileEncoding = 4; lastKnownFileType = sourcecode.c.h; path = FluxDeck.h; sourceTree = "<group>"; };
		B56EA72917F734EB00A0FE80 /* FluxDeck.m */ = {isa = PBXFileReference; fileEncoding = 4; lastKnownFileType = sourcecode.c.objc; path = FluxDeck.m; sourceTree = "<group>"; };
		B56EA72E17F745C300A0FE80 /* Podfile */ = {isa = PBXFileReference; fileEncoding = 4; lastKnownFileType = text; path = Podfile; sourceTree = "<group>"; xcLanguageSpecificationIdentifier = xcode.lang.ruby; };
		B56EA73317F7CD0E00A0FE80 /* FDFlowButton.xib */ = {isa = PBXFileReference; fileEncoding = 4; lastKnownFileType = file.xib; path = FDFlowButton.xib; sourceTree = "<group>"; };
		B56EA73517F7D0DD00A0FE80 /* FDFlowButton.h */ = {isa = PBXFileReference; fileEncoding = 4; lastKnownFileType = sourcecode.c.h; path = FDFlowButton.h; sourceTree = "<group>"; };
		B56EA73617F7D0DD00A0FE80 /* FDFlowButton.m */ = {isa = PBXFileReference; fileEncoding = 4; lastKnownFileType = sourcecode.c.objc; path = FDFlowButton.m; sourceTree = "<group>"; };
		B5755DD317FE5D5D00198439 /* FDUserTableCellView.xib */ = {isa = PBXFileReference; fileEncoding = 4; lastKnownFileType = file.xib; path = FDUserTableCellView.xib; sourceTree = "<group>"; };
		B58292D517FF55D600BCA335 /* XCTest.framework */ = {isa = PBXFileReference; lastKnownFileType = wrapper.framework; name = XCTest.framework; path = Library/Frameworks/XCTest.framework; sourceTree = DEVELOPER_DIR; };
		B58292DB17FF56CD00BCA335 /* FluxDeckTests.xctest */ = {isa = PBXFileReference; explicitFileType = wrapper.cfbundle; includeInIndex = 0; path = FluxDeckTests.xctest; sourceTree = BUILT_PRODUCTS_DIR; };
		B59AA58E17BFCFA10021CB87 /* FDTextView.h */ = {isa = PBXFileReference; fileEncoding = 4; lastKnownFileType = sourcecode.c.h; path = FDTextView.h; sourceTree = "<group>"; };
		B59AA58F17BFCFA10021CB87 /* FDTextView.m */ = {isa = PBXFileReference; fileEncoding = 4; lastKnownFileType = sourcecode.c.objc; path = FDTextView.m; sourceTree = "<group>"; };
		B5AD8CD717F87947008FB926 /* FDTitleView.h */ = {isa = PBXFileReference; fileEncoding = 4; lastKnownFileType = sourcecode.c.h; path = FDTitleView.h; sourceTree = "<group>"; };
		B5AD8CD817F87947008FB926 /* FDTitleView.m */ = {isa = PBXFileReference; fileEncoding = 4; lastKnownFileType = sourcecode.c.objc; path = FDTitleView.m; sourceTree = "<group>"; };
		B5AD8CDC17F89039008FB926 /* FDUserTableCellView.h */ = {isa = PBXFileReference; fileEncoding = 4; lastKnownFileType = sourcecode.c.h; path = FDUserTableCellView.h; sourceTree = "<group>"; };
		B5AD8CDD17F89039008FB926 /* FDUserTableCellView.m */ = {isa = PBXFileReference; fileEncoding = 4; lastKnownFileType = sourcecode.c.objc; path = FDUserTableCellView.m; sourceTree = "<group>"; };
/* End PBXFileReference section */

/* Begin PBXFrameworksBuildPhase section */
		B537DDA317B6516300052DD3 /* Frameworks */ = {
			isa = PBXFrameworksBuildPhase;
			buildActionMask = 2147483647;
			files = (
				B537DDAA17B6516300052DD3 /* Cocoa.framework in Frameworks */,
				C5687533860C4E81BD237FA3 /* libPods.a in Frameworks */,
			);
			runOnlyForDeploymentPostprocessing = 0;
		};
		B58292D817FF56CD00BCA335 /* Frameworks */ = {
			isa = PBXFrameworksBuildPhase;
			buildActionMask = 2147483647;
			files = (
				B58292DC17FF56CD00BCA335 /* XCTest.framework in Frameworks */,
				2FF3AE4EB3AC4499901512DC /* libPods-FluxDeckTests.a in Frameworks */,
			);
			runOnlyForDeploymentPostprocessing = 0;
		};
/* End PBXFrameworksBuildPhase section */

/* Begin PBXGroup section */
		B537DD9D17B6516300052DD3 = {
			isa = PBXGroup;
			children = (
				B54D96C517FF57AD00183215 /* FluxDeckTests */,
				B56EA72E17F745C300A0FE80 /* Podfile */,
				B537DDAF17B6516300052DD3 /* FluxDeck */,
				B537DDA817B6516300052DD3 /* Frameworks */,
				B537DDA717B6516300052DD3 /* Products */,
				80DD64DE3DF84D4F86084536 /* Pods.xcconfig */,
				A7B2B7E29FE345BBA8F081D1 /* Pods-FluxDeckTests.xcconfig */,
			);
			sourceTree = "<group>";
		};
		B537DDA717B6516300052DD3 /* Products */ = {
			isa = PBXGroup;
			children = (
				B537DDA617B6516300052DD3 /* FluxDeck.app */,
				B58292DB17FF56CD00BCA335 /* FluxDeckTests.xctest */,
			);
			name = Products;
			sourceTree = "<group>";
		};
		B537DDA817B6516300052DD3 /* Frameworks */ = {
			isa = PBXGroup;
			children = (
				B58292D517FF55D600BCA335 /* XCTest.framework */,
				B537DDA917B6516300052DD3 /* Cocoa.framework */,
				B537DDC717B6516400052DD3 /* SenTestingKit.framework */,
				B537DDAB17B6516300052DD3 /* Other Frameworks */,
				7E1BF4B90F0C4257B92F5C34 /* libPods.a */,
				31C251B66DE644BFB1B7FBFB /* libPods-FluxDeckTests.a */,
			);
			name = Frameworks;
			sourceTree = "<group>";
		};
		B537DDAB17B6516300052DD3 /* Other Frameworks */ = {
			isa = PBXGroup;
			children = (
				B537DDAC17B6516300052DD3 /* AppKit.framework */,
				B537DDAD17B6516300052DD3 /* CoreData.framework */,
				B537DDAE17B6516300052DD3 /* Foundation.framework */,
			);
			name = "Other Frameworks";
			sourceTree = "<group>";
		};
		B537DDAF17B6516300052DD3 /* FluxDeck */ = {
			isa = PBXGroup;
			children = (
				B56EA73217F77E5300A0FE80 /* View */,
				B56EA73117F77E4800A0FE80 /* Controller */,
				B56EA73017F77E3E00A0FE80 /* Model */,
				B537DDDD17B6519D00052DD3 /* FluxDeck.entitlements */,
				B537DDBB17B6516300052DD3 /* FDAppDelegate.h */,
				B537DDBC17B6516300052DD3 /* FDAppDelegate.m */,
				B56EA72817F734EB00A0FE80 /* FluxDeck.h */,
				B56EA72917F734EB00A0FE80 /* FluxDeck.m */,
				B537DDE117B6528900052DD3 /* FDRequest.h */,
				B537DDE217B6528900052DD3 /* FDRequest.m */,
				B537DDB017B6516300052DD3 /* Supporting Files */,
				B537DDF917B6BA7600052DD3 /* FDImageCache.h */,
				B537DDFA17B6BA7600052DD3 /* FDImageCache.m */,
			);
			path = FluxDeck;
			sourceTree = "<group>";
		};
		B537DDB017B6516300052DD3 /* Supporting Files */ = {
			isa = PBXGroup;
			children = (
				B51919E5180422EF00F45E8C /* application.icns */,
				B537DDB117B6516300052DD3 /* FluxDeck-Info.plist */,
				B537DDB217B6516300052DD3 /* InfoPlist.strings */,
				B537DDB517B6516300052DD3 /* main.m */,
				B537DDB717B6516300052DD3 /* FluxDeck-Prefix.pch */,
				B537DDB817B6516300052DD3 /* Credits.rtf */,
			);
			name = "Supporting Files";
			sourceTree = "<group>";
		};
		B54D96C517FF57AD00183215 /* FluxDeckTests */ = {
			isa = PBXGroup;
			children = (
				B54D96C617FF57AD00183215 /* InfoPlist.strings */,
				B54D96C817FF57AD00183215 /* FluxDeck_Tests.m */,
				B54D96C917FF57AD00183215 /* FluxDeckTests-Info.plist */,
				B54D96CA17FF57AD00183215 /* FluxDeckTests-Prefix.pch */,
			);
			path = FluxDeckTests;
			sourceTree = "<group>";
		};
		B56EA73017F77E3E00A0FE80 /* Model */ = {
			isa = PBXGroup;
			children = (
				B537DDF617B68ED900052DD3 /* FDMessage.h */,
				B537DDF717B68ED900052DD3 /* FDMessage.m */,
				B537DDE717B66D7E00052DD3 /* FDFlow.h */,
				B537DDE817B66D7E00052DD3 /* FDFlow.m */,
				B537DDDE17B6526A00052DD3 /* FDUser.h */,
				B537DDDF17B6526A00052DD3 /* FDUser.m */,
			);
			name = Model;
			sourceTree = "<group>";
		};
		B56EA73117F77E4800A0FE80 /* Controller */ = {
			isa = PBXGroup;
			children = (
				B537DDF117B6837500052DD3 /* FDFlowViewController.h */,
				B537DDF217B6837500052DD3 /* FDFlowViewController.m */,
				B537DDEC17B677B700052DD3 /* FluxDeckViewController.h */,
				B537DDED17B677B700052DD3 /* FluxDeckViewController.m */,
			);
			name = Controller;
			sourceTree = "<group>";
		};
		B56EA73217F77E5300A0FE80 /* View */ = {
			isa = PBXGroup;
			children = (
				B5755DD317FE5D5D00198439 /* FDUserTableCellView.xib */,
				B537DDEE17B677B700052DD3 /* FluxDeckViewController.xib */,
				B55702E617FCE77600A0DB2B /* FDChatTableCellView.h */,
				B51704A01801B89B0038F4B5 /* FDImageCellView.h */,
				B51704A11801B89B0038F4B5 /* FDImageCellView.m */,
				B55702E717FCE77600A0DB2B /* FDChatTableCellView.m */,
				B59AA58E17BFCFA10021CB87 /* FDTextView.h */,
				B59AA58F17BFCFA10021CB87 /* FDTextView.m */,
				B537DDF317B6837500052DD3 /* FDFlowViewController.xib */,
				B56EA73317F7CD0E00A0FE80 /* FDFlowButton.xib */,
				B537DDBE17B6516400052DD3 /* MainMenu.xib */,
				B56EA73517F7D0DD00A0FE80 /* FDFlowButton.h */,
				B56EA73617F7D0DD00A0FE80 /* FDFlowButton.m */,
				B5AD8CD717F87947008FB926 /* FDTitleView.h */,
				B5AD8CD817F87947008FB926 /* FDTitleView.m */,
				B5AD8CDC17F89039008FB926 /* FDUserTableCellView.h */,
				B5AD8CDD17F89039008FB926 /* FDUserTableCellView.m */,
			);
			name = View;
			sourceTree = "<group>";
		};
/* End PBXGroup section */

/* Begin PBXNativeTarget section */
		B537DDA517B6516300052DD3 /* FluxDeck */ = {
			isa = PBXNativeTarget;
			buildConfigurationList = B537DDD717B6516400052DD3 /* Build configuration list for PBXNativeTarget "FluxDeck" */;
			buildPhases = (
				A1473075177B4D639A9E6E3B /* Check Pods Manifest.lock */,
				B537DDA217B6516300052DD3 /* Sources */,
				B537DDA317B6516300052DD3 /* Frameworks */,
				B537DDA417B6516300052DD3 /* Resources */,
				C307009D827A40DB9E5FBE88 /* Copy Pods Resources */,
			);
			buildRules = (
			);
			dependencies = (
			);
			name = FluxDeck;
			productName = FluxDeck;
			productReference = B537DDA617B6516300052DD3 /* FluxDeck.app */;
			productType = "com.apple.product-type.application";
		};
		B58292DA17FF56CD00BCA335 /* FluxDeckTests */ = {
			isa = PBXNativeTarget;
			buildConfigurationList = B58292E817FF56CD00BCA335 /* Build configuration list for PBXNativeTarget "FluxDeckTests" */;
			buildPhases = (
				DD2687331A894C44A20998D3 /* Check Pods Manifest.lock */,
				B58292D717FF56CD00BCA335 /* Sources */,
				B58292D817FF56CD00BCA335 /* Frameworks */,
				B58292D917FF56CD00BCA335 /* Resources */,
				126387258DFC47E6AFA26DAA /* Copy Pods Resources */,
			);
			buildRules = (
			);
			dependencies = (
				B58292E717FF56CD00BCA335 /* PBXTargetDependency */,
			);
			name = FluxDeckTests;
			productName = FluxDeckTests;
			productReference = B58292DB17FF56CD00BCA335 /* FluxDeckTests.xctest */;
			productType = "com.apple.product-type.bundle.unit-test";
		};
/* End PBXNativeTarget section */

/* Begin PBXProject section */
		B537DD9E17B6516300052DD3 /* Project object */ = {
			isa = PBXProject;
			attributes = {
				CLASSPREFIX = FD;
				LastUpgradeCheck = 0500;
				ORGANIZATIONNAME = "Ian Quick";
				TargetAttributes = {
					B537DDA517B6516300052DD3 = {
						SystemCapabilities = {
							com.apple.Sandbox = {
								enabled = 0;
							};
						};
					};
					B58292DA17FF56CD00BCA335 = {
						TestTargetID = B537DDA517B6516300052DD3;
					};
				};
			};
			buildConfigurationList = B537DDA117B6516300052DD3 /* Build configuration list for PBXProject "FluxDeck" */;
			compatibilityVersion = "Xcode 3.2";
			developmentRegion = English;
			hasScannedForEncodings = 0;
			knownRegions = (
				en,
			);
			mainGroup = B537DD9D17B6516300052DD3;
			productRefGroup = B537DDA717B6516300052DD3 /* Products */;
			projectDirPath = "";
			projectRoot = "";
			targets = (
				B537DDA517B6516300052DD3 /* FluxDeck */,
				B58292DA17FF56CD00BCA335 /* FluxDeckTests */,
			);
		};
/* End PBXProject section */

/* Begin PBXResourcesBuildPhase section */
		B537DDA417B6516300052DD3 /* Resources */ = {
			isa = PBXResourcesBuildPhase;
			buildActionMask = 2147483647;
			files = (
				B54D96CD17FF57AD00183215 /* FluxDeckTests-Info.plist in Resources */,
				B537DDB417B6516300052DD3 /* InfoPlist.strings in Resources */,
				B537DDBA17B6516300052DD3 /* Credits.rtf in Resources */,
				B537DDC017B6516400052DD3 /* MainMenu.xib in Resources */,
				B537DDF017B677B700052DD3 /* FluxDeckViewController.xib in Resources */,
				B5755DD417FE5D5D00198439 /* FDUserTableCellView.xib in Resources */,
				B537DDF517B6837500052DD3 /* FDFlowViewController.xib in Resources */,
				B56EA72F17F745C300A0FE80 /* Podfile in Resources */,
				B54D96CB17FF57AD00183215 /* InfoPlist.strings in Resources */,
				B56EA73417F7CD0E00A0FE80 /* FDFlowButton.xib in Resources */,
				B51919E6180422EF00F45E8C /* application.icns in Resources */,
			);
			runOnlyForDeploymentPostprocessing = 0;
		};
		B58292D917FF56CD00BCA335 /* Resources */ = {
			isa = PBXResourcesBuildPhase;
			buildActionMask = 2147483647;
			files = (
			);
			runOnlyForDeploymentPostprocessing = 0;
		};
/* End PBXResourcesBuildPhase section */

/* Begin PBXShellScriptBuildPhase section */
		126387258DFC47E6AFA26DAA /* Copy Pods Resources */ = {
			isa = PBXShellScriptBuildPhase;
			buildActionMask = 2147483647;
			files = (
			);
			inputPaths = (
			);
			name = "Copy Pods Resources";
			outputPaths = (
			);
			runOnlyForDeploymentPostprocessing = 0;
			shellPath = /bin/sh;
			shellScript = "\"${SRCROOT}/Pods/Pods-FluxDeckTests-resources.sh\"\n";
			showEnvVarsInLog = 0;
		};
		A1473075177B4D639A9E6E3B /* Check Pods Manifest.lock */ = {
			isa = PBXShellScriptBuildPhase;
			buildActionMask = 2147483647;
			files = (
			);
			inputPaths = (
			);
			name = "Check Pods Manifest.lock";
			outputPaths = (
			);
			runOnlyForDeploymentPostprocessing = 0;
			shellPath = /bin/sh;
			shellScript = "diff \"${PODS_ROOT}/../Podfile.lock\" \"${PODS_ROOT}/Manifest.lock\" > /dev/null\nif [[ $? != 0 ]] ; then\n    cat << EOM\nerror: The sandbox is not in sync with the Podfile.lock. Run 'pod install' or update your CocoaPods installation.\nEOM\n    exit 1\nfi\n";
			showEnvVarsInLog = 0;
		};
		C307009D827A40DB9E5FBE88 /* Copy Pods Resources */ = {
			isa = PBXShellScriptBuildPhase;
			buildActionMask = 2147483647;
			files = (
			);
			inputPaths = (
			);
			name = "Copy Pods Resources";
			outputPaths = (
			);
			runOnlyForDeploymentPostprocessing = 0;
			shellPath = /bin/sh;
			shellScript = "\"${SRCROOT}/Pods/Pods-resources.sh\"\n";
			showEnvVarsInLog = 0;
		};
		DD2687331A894C44A20998D3 /* Check Pods Manifest.lock */ = {
			isa = PBXShellScriptBuildPhase;
			buildActionMask = 2147483647;
			files = (
			);
			inputPaths = (
			);
			name = "Check Pods Manifest.lock";
			outputPaths = (
			);
			runOnlyForDeploymentPostprocessing = 0;
			shellPath = /bin/sh;
			shellScript = "diff \"${PODS_ROOT}/../Podfile.lock\" \"${PODS_ROOT}/Manifest.lock\" > /dev/null\nif [[ $? != 0 ]] ; then\n    cat << EOM\nerror: The sandbox is not in sync with the Podfile.lock. Run 'pod install' or update your CocoaPods installation.\nEOM\n    exit 1\nfi\n";
			showEnvVarsInLog = 0;
		};
/* End PBXShellScriptBuildPhase section */

/* Begin PBXSourcesBuildPhase section */
		B537DDA217B6516300052DD3 /* Sources */ = {
			isa = PBXSourcesBuildPhase;
			buildActionMask = 2147483647;
			files = (
				B537DDB617B6516300052DD3 /* main.m in Sources */,
				B537DDBD17B6516300052DD3 /* FDAppDelegate.m in Sources */,
				B537DDE017B6526A00052DD3 /* FDUser.m in Sources */,
				B537DDE317B6528A00052DD3 /* FDRequest.m in Sources */,
				B51704A21801B89B0038F4B5 /* FDImageCellView.m in Sources */,
				B537DDE917B66D7E00052DD3 /* FDFlow.m in Sources */,
				B537DDEF17B677B700052DD3 /* FluxDeckViewController.m in Sources */,
				B537DDF417B6837500052DD3 /* FDFlowViewController.m in Sources */,
				B537DDF817B68ED900052DD3 /* FDMessage.m in Sources */,
				B56EA72A17F734EB00A0FE80 /* FluxDeck.m in Sources */,
				B537DDFB17B6BA7600052DD3 /* FDImageCache.m in Sources */,
				B56EA73717F7D0DD00A0FE80 /* FDFlowButton.m in Sources */,
				B59AA59017BFCFA10021CB87 /* FDTextView.m in Sources */,
				B5AD8CD917F87947008FB926 /* FDTitleView.m in Sources */,
				B55702E817FCE77600A0DB2B /* FDChatTableCellView.m in Sources */,
				B5AD8CDE17F89039008FB926 /* FDUserTableCellView.m in Sources */,
			);
			runOnlyForDeploymentPostprocessing = 0;
		};
		B58292D717FF56CD00BCA335 /* Sources */ = {
			isa = PBXSourcesBuildPhase;
			buildActionMask = 2147483647;
			files = (
				B54D96CF17FF582A00183215 /* FluxDeck_Tests.m in Sources */,
			);
			runOnlyForDeploymentPostprocessing = 0;
		};
/* End PBXSourcesBuildPhase section */

/* Begin PBXTargetDependency section */
		B58292E717FF56CD00BCA335 /* PBXTargetDependency */ = {
			isa = PBXTargetDependency;
			target = B537DDA517B6516300052DD3 /* FluxDeck */;
			targetProxy = B58292E617FF56CD00BCA335 /* PBXContainerItemProxy */;
		};
/* End PBXTargetDependency section */

/* Begin PBXVariantGroup section */
		B537DDB217B6516300052DD3 /* InfoPlist.strings */ = {
			isa = PBXVariantGroup;
			children = (
				B537DDB317B6516300052DD3 /* en */,
			);
			name = InfoPlist.strings;
			sourceTree = "<group>";
		};
		B537DDB817B6516300052DD3 /* Credits.rtf */ = {
			isa = PBXVariantGroup;
			children = (
				B537DDB917B6516300052DD3 /* en */,
			);
			name = Credits.rtf;
			sourceTree = "<group>";
		};
		B537DDBE17B6516400052DD3 /* MainMenu.xib */ = {
			isa = PBXVariantGroup;
			children = (
				B537DDBF17B6516400052DD3 /* en */,
			);
			name = MainMenu.xib;
			sourceTree = "<group>";
		};
		B54D96C617FF57AD00183215 /* InfoPlist.strings */ = {
			isa = PBXVariantGroup;
			children = (
				B54D96C717FF57AD00183215 /* en */,
			);
			name = InfoPlist.strings;
			sourceTree = "<group>";
		};
/* End PBXVariantGroup section */

/* Begin XCBuildConfiguration section */
		B537DDD517B6516400052DD3 /* Debug */ = {
			isa = XCBuildConfiguration;
			buildSettings = {
				ALWAYS_SEARCH_USER_PATHS = NO;
				CLANG_CXX_LANGUAGE_STANDARD = "gnu++0x";
				CLANG_CXX_LIBRARY = "libc++";
				CLANG_ENABLE_OBJC_ARC = YES;
				CLANG_WARN_CONSTANT_CONVERSION = YES;
				CLANG_WARN_EMPTY_BODY = YES;
				CLANG_WARN_ENUM_CONVERSION = YES;
				CLANG_WARN_INT_CONVERSION = YES;
				CLANG_WARN__DUPLICATE_METHOD_MATCH = YES;
				CODE_SIGN_IDENTITY = "Mac Developer: Ian Quick (89J6UX2C69)";
				COPY_PHASE_STRIP = NO;
				GCC_C_LANGUAGE_STANDARD = gnu99;
				GCC_DYNAMIC_NO_PIC = NO;
				GCC_ENABLE_OBJC_EXCEPTIONS = YES;
				GCC_OPTIMIZATION_LEVEL = 0;
				GCC_PREPROCESSOR_DEFINITIONS = (
					"DEBUG=1",
					"$(inherited)",
				);
				GCC_SYMBOLS_PRIVATE_EXTERN = NO;
				GCC_WARN_64_TO_32_BIT_CONVERSION = YES;
				GCC_WARN_ABOUT_RETURN_TYPE = YES;
				GCC_WARN_UNINITIALIZED_AUTOS = YES;
				GCC_WARN_UNUSED_VARIABLE = YES;
				GENERATE_PROFILING_CODE = YES;
				MACOSX_DEPLOYMENT_TARGET = 10.8;
				ONLY_ACTIVE_ARCH = YES;
				SDKROOT = macosx;
			};
			name = Debug;
		};
		B537DDD617B6516400052DD3 /* Release */ = {
			isa = XCBuildConfiguration;
			buildSettings = {
				ALWAYS_SEARCH_USER_PATHS = NO;
				CLANG_CXX_LANGUAGE_STANDARD = "gnu++0x";
				CLANG_CXX_LIBRARY = "libc++";
				CLANG_ENABLE_OBJC_ARC = YES;
				CLANG_WARN_CONSTANT_CONVERSION = YES;
				CLANG_WARN_EMPTY_BODY = YES;
				CLANG_WARN_ENUM_CONVERSION = YES;
				CLANG_WARN_INT_CONVERSION = YES;
				CLANG_WARN__DUPLICATE_METHOD_MATCH = YES;
				CODE_SIGN_IDENTITY = "Mac Developer: Ian Quick (89J6UX2C69)";
				COPY_PHASE_STRIP = YES;
				DEBUG_INFORMATION_FORMAT = "dwarf-with-dsym";
				GCC_C_LANGUAGE_STANDARD = gnu99;
				GCC_ENABLE_OBJC_EXCEPTIONS = YES;
				GCC_WARN_64_TO_32_BIT_CONVERSION = YES;
				GCC_WARN_ABOUT_RETURN_TYPE = YES;
				GCC_WARN_UNINITIALIZED_AUTOS = YES;
				GCC_WARN_UNUSED_VARIABLE = YES;
				GENERATE_PROFILING_CODE = YES;
				MACOSX_DEPLOYMENT_TARGET = 10.8;
				SDKROOT = macosx;
			};
			name = Release;
		};
		B537DDD817B6516400052DD3 /* Debug */ = {
			isa = XCBuildConfiguration;
			baseConfigurationReference = 80DD64DE3DF84D4F86084536 /* Pods.xcconfig */;
			buildSettings = {
				CLANG_WARN_OBJC_IMPLICIT_RETAIN_SELF = YES;
				CODE_SIGN_IDENTITY = "";
				COMBINE_HIDPI_IMAGES = YES;
				FRAMEWORK_SEARCH_PATHS = (
					"$(inherited)",
					"$(DEVELOPER_FRAMEWORKS_DIR)",
				);
				GCC_PRECOMPILE_PREFIX_HEADER = YES;
				GCC_PREFIX_HEADER = "FluxDeck/FluxDeck-Prefix.pch";
				GENERATE_PROFILING_CODE = NO;
				INFOPLIST_FILE = "FluxDeck/FluxDeck-Info.plist";
				PRODUCT_NAME = "$(TARGET_NAME)";
				VERSIONING_SYSTEM = "apple-generic";
				WRAPPER_EXTENSION = app;
			};
			name = Debug;
		};
		B537DDD917B6516400052DD3 /* Release */ = {
			isa = XCBuildConfiguration;
			baseConfigurationReference = 80DD64DE3DF84D4F86084536 /* Pods.xcconfig */;
			buildSettings = {
				CLANG_WARN_OBJC_IMPLICIT_RETAIN_SELF = YES;
				CODE_SIGN_IDENTITY = "";
				COMBINE_HIDPI_IMAGES = YES;
				FRAMEWORK_SEARCH_PATHS = (
					"$(inherited)",
					"$(DEVELOPER_FRAMEWORKS_DIR)",
				);
				GCC_PRECOMPILE_PREFIX_HEADER = YES;
				GCC_PREFIX_HEADER = "FluxDeck/FluxDeck-Prefix.pch";
				GENERATE_PROFILING_CODE = NO;
				INFOPLIST_FILE = "FluxDeck/FluxDeck-Info.plist";
				PRODUCT_NAME = "$(TARGET_NAME)";
				VERSIONING_SYSTEM = "apple-generic";
				WRAPPER_EXTENSION = app;
			};
			name = Release;
		};
		B58292E917FF56CD00BCA335 /* Debug */ = {
			isa = XCBuildConfiguration;
			baseConfigurationReference = A7B2B7E29FE345BBA8F081D1 /* Pods-FluxDeckTests.xcconfig */;
			buildSettings = {
				BUNDLE_LOADER = "$(BUILT_PRODUCTS_DIR)/FluxDeck.app/Contents/MacOS/FluxDeck";
				CLANG_WARN_BOOL_CONVERSION = YES;
				CLANG_WARN_DIRECT_OBJC_ISA_USAGE = YES_ERROR;
				CLANG_WARN_OBJC_ROOT_CLASS = YES_ERROR;
				FRAMEWORK_SEARCH_PATHS = (
					"$(DEVELOPER_FRAMEWORKS_DIR)",
					"$(inherited)",
				);
				GCC_PRECOMPILE_PREFIX_HEADER = YES;
				GCC_PREFIX_HEADER = "FluxDeckTests/FluxDeckTests-Prefix.pch";
				GCC_PREPROCESSOR_DEFINITIONS = (
					"DEBUG=1",
					"$(inherited)",
				);
				GCC_WARN_ABOUT_RETURN_TYPE = YES_ERROR;
				GCC_WARN_UNDECLARED_SELECTOR = YES;
				GCC_WARN_UNUSED_FUNCTION = YES;
				INFOPLIST_FILE = "FluxDeckTests/FluxDeckTests-Info.plist";
				PRODUCT_NAME = "$(TARGET_NAME)";
				TEST_HOST = "$(BUNDLE_LOADER)";
				WRAPPER_EXTENSION = xctest;
			};
			name = Debug;
		};
		B58292EA17FF56CD00BCA335 /* Release */ = {
			isa = XCBuildConfiguration;
			baseConfigurationReference = A7B2B7E29FE345BBA8F081D1 /* Pods-FluxDeckTests.xcconfig */;
			buildSettings = {
				BUNDLE_LOADER = "$(BUILT_PRODUCTS_DIR)/FluxDeck.app/Contents/MacOS/FluxDeck";
				CLANG_WARN_BOOL_CONVERSION = YES;
				CLANG_WARN_DIRECT_OBJC_ISA_USAGE = YES_ERROR;
				CLANG_WARN_OBJC_ROOT_CLASS = YES_ERROR;
				ENABLE_NS_ASSERTIONS = NO;
				FRAMEWORK_SEARCH_PATHS = (
					"$(DEVELOPER_FRAMEWORKS_DIR)",
					"$(inherited)",
				);
				GCC_PRECOMPILE_PREFIX_HEADER = YES;
				GCC_PREFIX_HEADER = "FluxDeckTests/FluxDeckTests-Prefix.pch";
				GCC_WARN_ABOUT_RETURN_TYPE = YES_ERROR;
				GCC_WARN_UNDECLARED_SELECTOR = YES;
				GCC_WARN_UNUSED_FUNCTION = YES;
				INFOPLIST_FILE = "FluxDeckTests/FluxDeckTests-Info.plist";
				PRODUCT_NAME = "$(TARGET_NAME)";
				TEST_HOST = "$(BUNDLE_LOADER)";
				WRAPPER_EXTENSION = xctest;
			};
			name = Release;
		};
/* End XCBuildConfiguration section */

/* Begin XCConfigurationList section */
		B537DDA117B6516300052DD3 /* Build configuration list for PBXProject "FluxDeck" */ = {
			isa = XCConfigurationList;
			buildConfigurations = (
				B537DDD517B6516400052DD3 /* Debug */,
				B537DDD617B6516400052DD3 /* Release */,
			);
			defaultConfigurationIsVisible = 0;
			defaultConfigurationName = Release;
		};
		B537DDD717B6516400052DD3 /* Build configuration list for PBXNativeTarget "FluxDeck" */ = {
			isa = XCConfigurationList;
			buildConfigurations = (
				B537DDD817B6516400052DD3 /* Debug */,
				B537DDD917B6516400052DD3 /* Release */,
			);
			defaultConfigurationIsVisible = 0;
			defaultConfigurationName = Release;
		};
		B58292E817FF56CD00BCA335 /* Build configuration list for PBXNativeTarget "FluxDeckTests" */ = {
			isa = XCConfigurationList;
			buildConfigurations = (
				B58292E917FF56CD00BCA335 /* Debug */,
				B58292EA17FF56CD00BCA335 /* Release */,
			);
			defaultConfigurationIsVisible = 0;
			defaultConfigurationName = Release;
		};
/* End XCConfigurationList section */
	};
	rootObject = B537DD9E17B6516300052DD3 /* Project object */;
}
